
Microsoft Visual Studio Solution File, Format Version 12.00
# Visual Studio Version 17
VisualStudioVersion = 17.14.36121.58 d17.14
MinimumVisualStudioVersion = 10.0.40219.1
Project("{FAE04EC0-301F-11D3-BF4B-00C04F79EFBC}") = "Lab9", "Lab9\Lab9.csproj", "{000004C3-6CCB-4E5E-BFB6-B874399881AD}"
EndProject
Global
	GlobalSection(SolutionConfigurationPlatforms) = preSolution
		Debug|Any CPU = Debug|Any CPU
		Release|Any CPU = Release|Any CPU
	EndGlobalSection
	GlobalSection(ProjectConfigurationPlatforms) = postSolution
		{000004C3-6CCB-4E5E-BFB6-B874399881AD}.Debug|Any CPU.ActiveCfg = Debug|Any CPU
		{000004C3-6CCB-4E5E-BFB6-B874399881AD}.Debug|Any CPU.Build.0 = Debug|Any CPU
		{000004C3-6CCB-4E5E-BFB6-B874399881AD}.Release|Any CPU.ActiveCfg = Release|Any CPU
		{000004C3-6CCB-4E5E-BFB6-B874399881AD}.Release|Any CPU.Build.0 = Release|Any CPU
	EndGlobalSection
	GlobalSection(SolutionProperties) = preSolution
		HideSolutionNode = FALSE
	EndGlobalSection
	GlobalSection(ExtensibilityGlobals) = postSolution
		SolutionGuid = {4A54CE62-FA8E-456F-BE25-5227F4D66D24}
	EndGlobalSection
EndGlobal
